
Microsoft Visual Studio Solution File, Format Version 11.00
# Visual Studio 2010
Project("{FAE04EC0-301F-11D3-BF4B-00C04F79EFBC}") = "pfDataExtractorCP", "pfDataExtractorCP\pfDataExtractorCP.csproj", "{850FF4A1-DCD6-412D-B438-D3CF8DF7B1CF}"
EndProject
Project("{FAE04EC0-301F-11D3-BF4B-00C04F79EFBC}") = "pfDataExtractorProcesxorCP", "pfDataExtractorProcesxorCP\pfDataExtractorProcesxorCP.csproj", "{5C9F5B7F-A119-4E05-A111-2BC304E737DE}"
EndProject
Project("{FAE04EC0-301F-11D3-BF4B-00C04F79EFBC}") = "pfDataExtractorObjectsCP", "pfDataExtractorObjectsCP\pfDataExtractorObjectsCP.csproj", "{4916A020-5967-4DC7-8382-94FFBA8F0FFD}"
EndProject
Global
	GlobalSection(SolutionConfigurationPlatforms) = preSolution
		CD_ROM|Any CPU = CD_ROM|Any CPU
		CD_ROM|Mixed Platforms = CD_ROM|Mixed Platforms
		CD_ROM|x86 = CD_ROM|x86
		Custom|Any CPU = Custom|Any CPU
		Custom|Mixed Platforms = Custom|Mixed Platforms
		Custom|x86 = Custom|x86
		Debug|Any CPU = Debug|Any CPU
		Debug|Mixed Platforms = Debug|Mixed Platforms
		Debug|x86 = Debug|x86
		DVD-10|Any CPU = DVD-10|Any CPU
		DVD-10|Mixed Platforms = DVD-10|Mixed Platforms
		DVD-10|x86 = DVD-10|x86
		DVD-18|Any CPU = DVD-18|Any CPU
		DVD-18|Mixed Platforms = DVD-18|Mixed Platforms
		DVD-18|x86 = DVD-18|x86
		DVD-5|Any CPU = DVD-5|Any CPU
		DVD-5|Mixed Platforms = DVD-5|Mixed Platforms
		DVD-5|x86 = DVD-5|x86
		DVD-9|Any CPU = DVD-9|Any CPU
		DVD-9|Mixed Platforms = DVD-9|Mixed Platforms
		DVD-9|x86 = DVD-9|x86
		Release|Any CPU = Release|Any CPU
		Release|Mixed Platforms = Release|Mixed Platforms
		Release|x86 = Release|x86
		SingleImage|Any CPU = SingleImage|Any CPU
		SingleImage|Mixed Platforms = SingleImage|Mixed Platforms
		SingleImage|x86 = SingleImage|x86
		WebDeployment|Any CPU = WebDeployment|Any CPU
		WebDeployment|Mixed Platforms = WebDeployment|Mixed Platforms
		WebDeployment|x86 = WebDeployment|x86
	EndGlobalSection
	GlobalSection(ProjectConfigurationPlatforms) = postSolution
		{850FF4A1-DCD6-412D-B438-D3CF8DF7B1CF}.CD_ROM|Any CPU.ActiveCfg = Release|x86
		{850FF4A1-DCD6-412D-B438-D3CF8DF7B1CF}.CD_ROM|Mixed Platforms.ActiveCfg = Release|x86
		{850FF4A1-DCD6-412D-B438-D3CF8DF7B1CF}.CD_ROM|Mixed Platforms.Build.0 = Release|x86
		{850FF4A1-DCD6-412D-B438-D3CF8DF7B1CF}.CD_ROM|x86.ActiveCfg = Release|x86
		{850FF4A1-DCD6-412D-B438-D3CF8DF7B1CF}.CD_ROM|x86.Build.0 = Release|x86
		{850FF4A1-DCD6-412D-B438-D3CF8DF7B1CF}.Custom|Any CPU.ActiveCfg = Release|x86
		{850FF4A1-DCD6-412D-B438-D3CF8DF7B1CF}.Custom|Mixed Platforms.ActiveCfg = Release|x86
		{850FF4A1-DCD6-412D-B438-D3CF8DF7B1CF}.Custom|Mixed Platforms.Build.0 = Release|x86
		{850FF4A1-DCD6-412D-B438-D3CF8DF7B1CF}.Custom|x86.ActiveCfg = Release|x86
		{850FF4A1-DCD6-412D-B438-D3CF8DF7B1CF}.Custom|x86.Build.0 = Release|x86
		{850FF4A1-DCD6-412D-B438-D3CF8DF7B1CF}.Debug|Any CPU.ActiveCfg = Debug|x86
		{850FF4A1-DCD6-412D-B438-D3CF8DF7B1CF}.Debug|Mixed Platforms.ActiveCfg = Debug|x86
		{850FF4A1-DCD6-412D-B438-D3CF8DF7B1CF}.Debug|Mixed Platforms.Build.0 = Debug|x86
		{850FF4A1-DCD6-412D-B438-D3CF8DF7B1CF}.Debug|x86.ActiveCfg = Debug|x86
		{850FF4A1-DCD6-412D-B438-D3CF8DF7B1CF}.Debug|x86.Build.0 = Debug|x86
		{850FF4A1-DCD6-412D-B438-D3CF8DF7B1CF}.DVD-10|Any CPU.ActiveCfg = Debug|x86
		{850FF4A1-DCD6-412D-B438-D3CF8DF7B1CF}.DVD-10|Mixed Platforms.ActiveCfg = Debug|x86
		{850FF4A1-DCD6-412D-B438-D3CF8DF7B1CF}.DVD-10|Mixed Platforms.Build.0 = Debug|x86
		{850FF4A1-DCD6-412D-B438-D3CF8DF7B1CF}.DVD-10|x86.ActiveCfg = Debug|x86
		{850FF4A1-DCD6-412D-B438-D3CF8DF7B1CF}.DVD-10|x86.Build.0 = Debug|x86
		{850FF4A1-DCD6-412D-B438-D3CF8DF7B1CF}.DVD-18|Any CPU.ActiveCfg = Debug|x86
		{850FF4A1-DCD6-412D-B438-D3CF8DF7B1CF}.DVD-18|Mixed Platforms.ActiveCfg = Debug|x86
		{850FF4A1-DCD6-412D-B438-D3CF8DF7B1CF}.DVD-18|Mixed Platforms.Build.0 = Debug|x86
		{850FF4A1-DCD6-412D-B438-D3CF8DF7B1CF}.DVD-18|x86.ActiveCfg = Debug|x86
		{850FF4A1-DCD6-412D-B438-D3CF8DF7B1CF}.DVD-18|x86.Build.0 = Debug|x86
		{850FF4A1-DCD6-412D-B438-D3CF8DF7B1CF}.DVD-5|Any CPU.ActiveCfg = Debug|x86
		{850FF4A1-DCD6-412D-B438-D3CF8DF7B1CF}.DVD-5|Mixed Platforms.ActiveCfg = Debug|x86
		{850FF4A1-DCD6-412D-B438-D3CF8DF7B1CF}.DVD-5|Mixed Platforms.Build.0 = Debug|x86
		{850FF4A1-DCD6-412D-B438-D3CF8DF7B1CF}.DVD-5|x86.ActiveCfg = Debug|x86
		{850FF4A1-DCD6-412D-B438-D3CF8DF7B1CF}.DVD-5|x86.Build.0 = Debug|x86
		{850FF4A1-DCD6-412D-B438-D3CF8DF7B1CF}.DVD-9|Any CPU.ActiveCfg = Debug|x86
		{850FF4A1-DCD6-412D-B438-D3CF8DF7B1CF}.DVD-9|Mixed Platforms.ActiveCfg = Debug|x86
		{850FF4A1-DCD6-412D-B438-D3CF8DF7B1CF}.DVD-9|Mixed Platforms.Build.0 = Debug|x86
		{850FF4A1-DCD6-412D-B438-D3CF8DF7B1CF}.DVD-9|x86.ActiveCfg = Debug|x86
		{850FF4A1-DCD6-412D-B438-D3CF8DF7B1CF}.DVD-9|x86.Build.0 = Debug|x86
		{850FF4A1-DCD6-412D-B438-D3CF8DF7B1CF}.Release|Any CPU.ActiveCfg = Release|x86
		{850FF4A1-DCD6-412D-B438-D3CF8DF7B1CF}.Release|Mixed Platforms.ActiveCfg = Release|x86
		{850FF4A1-DCD6-412D-B438-D3CF8DF7B1CF}.Release|Mixed Platforms.Build.0 = Release|x86
		{850FF4A1-DCD6-412D-B438-D3CF8DF7B1CF}.Release|x86.ActiveCfg = Release|x86
		{850FF4A1-DCD6-412D-B438-D3CF8DF7B1CF}.Release|x86.Build.0 = Release|x86
		{850FF4A1-DCD6-412D-B438-D3CF8DF7B1CF}.SingleImage|Any CPU.ActiveCfg = Release|x86
		{850FF4A1-DCD6-412D-B438-D3CF8DF7B1CF}.SingleImage|Mixed Platforms.ActiveCfg = Release|x86
		{850FF4A1-DCD6-412D-B438-D3CF8DF7B1CF}.SingleImage|Mixed Platforms.Build.0 = Release|x86
		{850FF4A1-DCD6-412D-B438-D3CF8DF7B1CF}.SingleImage|x86.ActiveCfg = Release|x86
		{850FF4A1-DCD6-412D-B438-D3CF8DF7B1CF}.SingleImage|x86.Build.0 = Release|x86
		{850FF4A1-DCD6-412D-B438-D3CF8DF7B1CF}.WebDeployment|Any CPU.ActiveCfg = Release|x86
		{850FF4A1-DCD6-412D-B438-D3CF8DF7B1CF}.WebDeployment|Mixed Platforms.ActiveCfg = Release|x86
		{850FF4A1-DCD6-412D-B438-D3CF8DF7B1CF}.WebDeployment|Mixed Platforms.Build.0 = Release|x86
		{850FF4A1-DCD6-412D-B438-D3CF8DF7B1CF}.WebDeployment|x86.ActiveCfg = Release|x86
		{850FF4A1-DCD6-412D-B438-D3CF8DF7B1CF}.WebDeployment|x86.Build.0 = Release|x86
		{5C9F5B7F-A119-4E05-A111-2BC304E737DE}.CD_ROM|Any CPU.ActiveCfg = Release|Any CPU
		{5C9F5B7F-A119-4E05-A111-2BC304E737DE}.CD_ROM|Any CPU.Build.0 = Release|Any CPU
		{5C9F5B7F-A119-4E05-A111-2BC304E737DE}.CD_ROM|Mixed Platforms.ActiveCfg = Release|Any CPU
		{5C9F5B7F-A119-4E05-A111-2BC304E737DE}.CD_ROM|Mixed Platforms.Build.0 = Release|Any CPU
		{5C9F5B7F-A119-4E05-A111-2BC304E737DE}.CD_ROM|x86.ActiveCfg = Release|Any CPU
		{5C9F5B7F-A119-4E05-A111-2BC304E737DE}.Custom|Any CPU.ActiveCfg = Release|Any CPU
		{5C9F5B7F-A119-4E05-A111-2BC304E737DE}.Custom|Any CPU.Build.0 = Release|Any CPU
		{5C9F5B7F-A119-4E05-A111-2BC304E737DE}.Custom|Mixed Platforms.ActiveCfg = Release|Any CPU
		{5C9F5B7F-A119-4E05-A111-2BC304E737DE}.Custom|Mixed Platforms.Build.0 = Release|Any CPU
		{5C9F5B7F-A119-4E05-A111-2BC304E737DE}.Custom|x86.ActiveCfg = Release|Any CPU
		{5C9F5B7F-A119-4E05-A111-2BC304E737DE}.Debug|Any CPU.ActiveCfg = Debug|Any CPU
		{5C9F5B7F-A119-4E05-A111-2BC304E737DE}.Debug|Any CPU.Build.0 = Debug|Any CPU
		{5C9F5B7F-A119-4E05-A111-2BC304E737DE}.Debug|Mixed Platforms.ActiveCfg = Debug|Any CPU
		{5C9F5B7F-A119-4E05-A111-2BC304E737DE}.Debug|Mixed Platforms.Build.0 = Debug|Any CPU
		{5C9F5B7F-A119-4E05-A111-2BC304E737DE}.Debug|x86.ActiveCfg = Debug|Any CPU
		{5C9F5B7F-A119-4E05-A111-2BC304E737DE}.DVD-10|Any CPU.ActiveCfg = Debug|Any CPU
		{5C9F5B7F-A119-4E05-A111-2BC304E737DE}.DVD-10|Any CPU.Build.0 = Debug|Any CPU
		{5C9F5B7F-A119-4E05-A111-2BC304E737DE}.DVD-10|Mixed Platforms.ActiveCfg = Debug|Any CPU
		{5C9F5B7F-A119-4E05-A111-2BC304E737DE}.DVD-10|Mixed Platforms.Build.0 = Debug|Any CPU
		{5C9F5B7F-A119-4E05-A111-2BC304E737DE}.DVD-10|x86.ActiveCfg = Debug|Any CPU
		{5C9F5B7F-A119-4E05-A111-2BC304E737DE}.DVD-18|Any CPU.ActiveCfg = Debug|Any CPU
		{5C9F5B7F-A119-4E05-A111-2BC304E737DE}.DVD-18|Any CPU.Build.0 = Debug|Any CPU
		{5C9F5B7F-A119-4E05-A111-2BC304E737DE}.DVD-18|Mixed Platforms.ActiveCfg = Debug|Any CPU
		{5C9F5B7F-A119-4E05-A111-2BC304E737DE}.DVD-18|Mixed Platforms.Build.0 = Debug|Any CPU
		{5C9F5B7F-A119-4E05-A111-2BC304E737DE}.DVD-18|x86.ActiveCfg = Debug|Any CPU
		{5C9F5B7F-A119-4E05-A111-2BC304E737DE}.DVD-5|Any CPU.ActiveCfg = Debug|Any CPU
		{5C9F5B7F-A119-4E05-A111-2BC304E737DE}.DVD-5|Any CPU.Build.0 = Debug|Any CPU
		{5C9F5B7F-A119-4E05-A111-2BC304E737DE}.DVD-5|Mixed Platforms.ActiveCfg = Debug|Any CPU
		{5C9F5B7F-A119-4E05-A111-2BC304E737DE}.DVD-5|Mixed Platforms.Build.0 = Debug|Any CPU
		{5C9F5B7F-A119-4E05-A111-2BC304E737DE}.DVD-5|x86.ActiveCfg = Debug|Any CPU
		{5C9F5B7F-A119-4E05-A111-2BC304E737DE}.DVD-9|Any CPU.ActiveCfg = Debug|Any CPU
		{5C9F5B7F-A119-4E05-A111-2BC304E737DE}.DVD-9|Any CPU.Build.0 = Debug|Any CPU
		{5C9F5B7F-A119-4E05-A111-2BC304E737DE}.DVD-9|Mixed Platforms.ActiveCfg = Debug|Any CPU
		{5C9F5B7F-A119-4E05-A111-2BC304E737DE}.DVD-9|Mixed Platforms.Build.0 = Debug|Any CPU
		{5C9F5B7F-A119-4E05-A111-2BC304E737DE}.DVD-9|x86.ActiveCfg = Debug|Any CPU
		{5C9F5B7F-A119-4E05-A111-2BC304E737DE}.Release|Any CPU.ActiveCfg = Release|Any CPU
		{5C9F5B7F-A119-4E05-A111-2BC304E737DE}.Release|Any CPU.Build.0 = Release|Any CPU
		{5C9F5B7F-A119-4E05-A111-2BC304E737DE}.Release|Mixed Platforms.ActiveCfg = Release|Any CPU
		{5C9F5B7F-A119-4E05-A111-2BC304E737DE}.Release|Mixed Platforms.Build.0 = Release|Any CPU
		{5C9F5B7F-A119-4E05-A111-2BC304E737DE}.Release|x86.ActiveCfg = Release|Any CPU
		{5C9F5B7F-A119-4E05-A111-2BC304E737DE}.SingleImage|Any CPU.ActiveCfg = Release|Any CPU
		{5C9F5B7F-A119-4E05-A111-2BC304E737DE}.SingleImage|Any CPU.Build.0 = Release|Any CPU
		{5C9F5B7F-A119-4E05-A111-2BC304E737DE}.SingleImage|Mixed Platforms.ActiveCfg = Release|Any CPU
		{5C9F5B7F-A119-4E05-A111-2BC304E737DE}.SingleImage|Mixed Platforms.Build.0 = Release|Any CPU
		{5C9F5B7F-A119-4E05-A111-2BC304E737DE}.SingleImage|x86.ActiveCfg = Release|Any CPU
		{5C9F5B7F-A119-4E05-A111-2BC304E737DE}.WebDeployment|Any CPU.ActiveCfg = Release|Any CPU
		{5C9F5B7F-A119-4E05-A111-2BC304E737DE}.WebDeployment|Any CPU.Build.0 = Release|Any CPU
		{5C9F5B7F-A119-4E05-A111-2BC304E737DE}.WebDeployment|Mixed Platforms.ActiveCfg = Release|Any CPU
		{5C9F5B7F-A119-4E05-A111-2BC304E737DE}.WebDeployment|Mixed Platforms.Build.0 = Release|Any CPU
		{5C9F5B7F-A119-4E05-A111-2BC304E737DE}.WebDeployment|x86.ActiveCfg = Release|Any CPU
		{4916A020-5967-4DC7-8382-94FFBA8F0FFD}.CD_ROM|Any CPU.ActiveCfg = Release|Any CPU
		{4916A020-5967-4DC7-8382-94FFBA8F0FFD}.CD_ROM|Any CPU.Build.0 = Release|Any CPU
		{4916A020-5967-4DC7-8382-94FFBA8F0FFD}.CD_ROM|Mixed Platforms.ActiveCfg = Release|Any CPU
		{4916A020-5967-4DC7-8382-94FFBA8F0FFD}.CD_ROM|Mixed Platforms.Build.0 = Release|Any CPU
		{4916A020-5967-4DC7-8382-94FFBA8F0FFD}.CD_ROM|x86.ActiveCfg = Release|Any CPU
		{4916A020-5967-4DC7-8382-94FFBA8F0FFD}.Custom|Any CPU.ActiveCfg = Release|Any CPU
		{4916A020-5967-4DC7-8382-94FFBA8F0FFD}.Custom|Any CPU.Build.0 = Release|Any CPU
		{4916A020-5967-4DC7-8382-94FFBA8F0FFD}.Custom|Mixed Platforms.ActiveCfg = Release|Any CPU
		{4916A020-5967-4DC7-8382-94FFBA8F0FFD}.Custom|Mixed Platforms.Build.0 = Release|Any CPU
		{4916A020-5967-4DC7-8382-94FFBA8F0FFD}.Custom|x86.ActiveCfg = Release|Any CPU
		{4916A020-5967-4DC7-8382-94FFBA8F0FFD}.Debug|Any CPU.ActiveCfg = Debug|Any CPU
		{4916A020-5967-4DC7-8382-94FFBA8F0FFD}.Debug|Any CPU.Build.0 = Debug|Any CPU
		{4916A020-5967-4DC7-8382-94FFBA8F0FFD}.Debug|Mixed Platforms.ActiveCfg = Debug|Any CPU
		{4916A020-5967-4DC7-8382-94FFBA8F0FFD}.Debug|Mixed Platforms.Build.0 = Debug|Any CPU
		{4916A020-5967-4DC7-8382-94FFBA8F0FFD}.Debug|x86.ActiveCfg = Debug|Any CPU
		{4916A020-5967-4DC7-8382-94FFBA8F0FFD}.DVD-10|Any CPU.ActiveCfg = Debug|Any CPU
		{4916A020-5967-4DC7-8382-94FFBA8F0FFD}.DVD-10|Any CPU.Build.0 = Debug|Any CPU
		{4916A020-5967-4DC7-8382-94FFBA8F0FFD}.DVD-10|Mixed Platforms.ActiveCfg = Debug|Any CPU
		{4916A020-5967-4DC7-8382-94FFBA8F0FFD}.DVD-10|Mixed Platforms.Build.0 = Debug|Any CPU
		{4916A020-5967-4DC7-8382-94FFBA8F0FFD}.DVD-10|x86.ActiveCfg = Debug|Any CPU
		{4916A020-5967-4DC7-8382-94FFBA8F0FFD}.DVD-18|Any CPU.ActiveCfg = Debug|Any CPU
		{4916A020-5967-4DC7-8382-94FFBA8F0FFD}.DVD-18|Any CPU.Build.0 = Debug|Any CPU
		{4916A020-5967-4DC7-8382-94FFBA8F0FFD}.DVD-18|Mixed Platforms.ActiveCfg = Debug|Any CPU
		{4916A020-5967-4DC7-8382-94FFBA8F0FFD}.DVD-18|Mixed Platforms.Build.0 = Debug|Any CPU
		{4916A020-5967-4DC7-8382-94FFBA8F0FFD}.DVD-18|x86.ActiveCfg = Debug|Any CPU
		{4916A020-5967-4DC7-8382-94FFBA8F0FFD}.DVD-5|Any CPU.ActiveCfg = Debug|Any CPU
		{4916A020-5967-4DC7-8382-94FFBA8F0FFD}.DVD-5|Any CPU.Build.0 = Debug|Any CPU
		{4916A020-5967-4DC7-8382-94FFBA8F0FFD}.DVD-5|Mixed Platforms.ActiveCfg = Debug|Any CPU
		{4916A020-5967-4DC7-8382-94FFBA8F0FFD}.DVD-5|Mixed Platforms.Build.0 = Debug|Any CPU
		{4916A020-5967-4DC7-8382-94FFBA8F0FFD}.DVD-5|x86.ActiveCfg = Debug|Any CPU
		{4916A020-5967-4DC7-8382-94FFBA8F0FFD}.DVD-9|Any CPU.ActiveCfg = Debug|Any CPU
		{4916A020-5967-4DC7-8382-94FFBA8F0FFD}.DVD-9|Any CPU.Build.0 = Debug|Any CPU
		{4916A020-5967-4DC7-8382-94FFBA8F0FFD}.DVD-9|Mixed Platforms.ActiveCfg = Debug|Any CPU
		{4916A020-5967-4DC7-8382-94FFBA8F0FFD}.DVD-9|Mixed Platforms.Build.0 = Debug|Any CPU
		{4916A020-5967-4DC7-8382-94FFBA8F0FFD}.DVD-9|x86.ActiveCfg = Debug|Any CPU
		{4916A020-5967-4DC7-8382-94FFBA8F0FFD}.Release|Any CPU.ActiveCfg = Release|Any CPU
		{4916A020-5967-4DC7-8382-94FFBA8F0FFD}.Release|Any CPU.Build.0 = Release|Any CPU
		{4916A020-5967-4DC7-8382-94FFBA8F0FFD}.Release|Mixed Platforms.ActiveCfg = Release|Any CPU
		{4916A020-5967-4DC7-8382-94FFBA8F0FFD}.Release|Mixed Platforms.Build.0 = Release|Any CPU
		{4916A020-5967-4DC7-8382-94FFBA8F0FFD}.Release|x86.ActiveCfg = Release|Any CPU
		{4916A020-5967-4DC7-8382-94FFBA8F0FFD}.SingleImage|Any CPU.ActiveCfg = Release|Any CPU
		{4916A020-5967-4DC7-8382-94FFBA8F0FFD}.SingleImage|Any CPU.Build.0 = Release|Any CPU
		{4916A020-5967-4DC7-8382-94FFBA8F0FFD}.SingleImage|Mixed Platforms.ActiveCfg = Release|Any CPU
		{4916A020-5967-4DC7-8382-94FFBA8F0FFD}.SingleImage|Mixed Platforms.Build.0 = Release|Any CPU
		{4916A020-5967-4DC7-8382-94FFBA8F0FFD}.SingleImage|x86.ActiveCfg = Release|Any CPU
		{4916A020-5967-4DC7-8382-94FFBA8F0FFD}.WebDeployment|Any CPU.ActiveCfg = Release|Any CPU
		{4916A020-5967-4DC7-8382-94FFBA8F0FFD}.WebDeployment|Any CPU.Build.0 = Release|Any CPU
		{4916A020-5967-4DC7-8382-94FFBA8F0FFD}.WebDeployment|Mixed Platforms.ActiveCfg = Release|Any CPU
		{4916A020-5967-4DC7-8382-94FFBA8F0FFD}.WebDeployment|Mixed Platforms.Build.0 = Release|Any CPU
		{4916A020-5967-4DC7-8382-94FFBA8F0FFD}.WebDeployment|x86.ActiveCfg = Release|Any CPU
	EndGlobalSection
	GlobalSection(SolutionProperties) = preSolution
		HideSolutionNode = FALSE
	EndGlobalSection
	GlobalSection(ExtensibilityGlobals) = postSolution
		VisualSVNWorkingCopyRoot = .
	EndGlobalSection
EndGlobal
