
Microsoft Visual Studio Solution File, Format Version 11.00
# Visual Studio 2010
Project("{FAE04EC0-301F-11D3-BF4B-00C04F79EFBC}") = "pfDataViewerCP", "pfDataViewerCP\pfDataViewerCP.csproj", "{B131604E-6A69-4C33-95CE-A423557F50CE}"
EndProject
Project("{FAE04EC0-301F-11D3-BF4B-00C04F79EFBC}") = "pfDataViewerProcessorCP", "pfDataViewerProcessorCP\pfDataViewerProcessorCP.csproj", "{E692314C-8A73-4E5C-BAED-468E4C37AAA2}"
EndProject
Global
	GlobalSection(SolutionConfigurationPlatforms) = preSolution
		CD_ROM|Any CPU = CD_ROM|Any CPU
		CD_ROM|Mixed Platforms = CD_ROM|Mixed Platforms
		CD_ROM|x64 = CD_ROM|x64
		CD_ROM|x86 = CD_ROM|x86
		Custom|Any CPU = Custom|Any CPU
		Custom|Mixed Platforms = Custom|Mixed Platforms
		Custom|x64 = Custom|x64
		Custom|x86 = Custom|x86
		Debug|Any CPU = Debug|Any CPU
		Debug|Mixed Platforms = Debug|Mixed Platforms
		Debug|x64 = Debug|x64
		Debug|x86 = Debug|x86
		DVD-10|Any CPU = DVD-10|Any CPU
		DVD-10|Mixed Platforms = DVD-10|Mixed Platforms
		DVD-10|x64 = DVD-10|x64
		DVD-10|x86 = DVD-10|x86
		DVD-18|Any CPU = DVD-18|Any CPU
		DVD-18|Mixed Platforms = DVD-18|Mixed Platforms
		DVD-18|x64 = DVD-18|x64
		DVD-18|x86 = DVD-18|x86
		DVD-5|Any CPU = DVD-5|Any CPU
		DVD-5|Mixed Platforms = DVD-5|Mixed Platforms
		DVD-5|x64 = DVD-5|x64
		DVD-5|x86 = DVD-5|x86
		DVD-9|Any CPU = DVD-9|Any CPU
		DVD-9|Mixed Platforms = DVD-9|Mixed Platforms
		DVD-9|x64 = DVD-9|x64
		DVD-9|x86 = DVD-9|x86
		Release|Any CPU = Release|Any CPU
		Release|Mixed Platforms = Release|Mixed Platforms
		Release|x64 = Release|x64
		Release|x86 = Release|x86
		SingleImage|Any CPU = SingleImage|Any CPU
		SingleImage|Mixed Platforms = SingleImage|Mixed Platforms
		SingleImage|x64 = SingleImage|x64
		SingleImage|x86 = SingleImage|x86
		WebDeployment|Any CPU = WebDeployment|Any CPU
		WebDeployment|Mixed Platforms = WebDeployment|Mixed Platforms
		WebDeployment|x64 = WebDeployment|x64
		WebDeployment|x86 = WebDeployment|x86
		X64Test|Any CPU = X64Test|Any CPU
		X64Test|Mixed Platforms = X64Test|Mixed Platforms
		X64Test|x64 = X64Test|x64
		X64Test|x86 = X64Test|x86
	EndGlobalSection
	GlobalSection(ProjectConfigurationPlatforms) = postSolution
		{B131604E-6A69-4C33-95CE-A423557F50CE}.CD_ROM|Any CPU.ActiveCfg = X64Test|x64
		{B131604E-6A69-4C33-95CE-A423557F50CE}.CD_ROM|Mixed Platforms.ActiveCfg = X64Test|x64
		{B131604E-6A69-4C33-95CE-A423557F50CE}.CD_ROM|Mixed Platforms.Build.0 = X64Test|x64
		{B131604E-6A69-4C33-95CE-A423557F50CE}.CD_ROM|x64.ActiveCfg = X64Test|x64
		{B131604E-6A69-4C33-95CE-A423557F50CE}.CD_ROM|x64.Build.0 = X64Test|x64
		{B131604E-6A69-4C33-95CE-A423557F50CE}.CD_ROM|x86.ActiveCfg = X64Test|x64
		{B131604E-6A69-4C33-95CE-A423557F50CE}.Custom|Any CPU.ActiveCfg = X64Test|x64
		{B131604E-6A69-4C33-95CE-A423557F50CE}.Custom|Mixed Platforms.ActiveCfg = X64Test|x64
		{B131604E-6A69-4C33-95CE-A423557F50CE}.Custom|Mixed Platforms.Build.0 = X64Test|x64
		{B131604E-6A69-4C33-95CE-A423557F50CE}.Custom|x64.ActiveCfg = X64Test|x64
		{B131604E-6A69-4C33-95CE-A423557F50CE}.Custom|x64.Build.0 = X64Test|x64
		{B131604E-6A69-4C33-95CE-A423557F50CE}.Custom|x86.ActiveCfg = X64Test|x64
		{B131604E-6A69-4C33-95CE-A423557F50CE}.Debug|Any CPU.ActiveCfg = Debug|x86
		{B131604E-6A69-4C33-95CE-A423557F50CE}.Debug|Mixed Platforms.ActiveCfg = Debug|x86
		{B131604E-6A69-4C33-95CE-A423557F50CE}.Debug|Mixed Platforms.Build.0 = Debug|x86
		{B131604E-6A69-4C33-95CE-A423557F50CE}.Debug|x64.ActiveCfg = Debug|x86
		{B131604E-6A69-4C33-95CE-A423557F50CE}.Debug|x86.ActiveCfg = Debug|x86
		{B131604E-6A69-4C33-95CE-A423557F50CE}.Debug|x86.Build.0 = Debug|x86
		{B131604E-6A69-4C33-95CE-A423557F50CE}.DVD-10|Any CPU.ActiveCfg = Debug|x64
		{B131604E-6A69-4C33-95CE-A423557F50CE}.DVD-10|Mixed Platforms.ActiveCfg = Debug|x64
		{B131604E-6A69-4C33-95CE-A423557F50CE}.DVD-10|Mixed Platforms.Build.0 = Debug|x64
		{B131604E-6A69-4C33-95CE-A423557F50CE}.DVD-10|x64.ActiveCfg = Debug|x64
		{B131604E-6A69-4C33-95CE-A423557F50CE}.DVD-10|x64.Build.0 = Debug|x64
		{B131604E-6A69-4C33-95CE-A423557F50CE}.DVD-10|x86.ActiveCfg = Debug|x64
		{B131604E-6A69-4C33-95CE-A423557F50CE}.DVD-18|Any CPU.ActiveCfg = Debug|x64
		{B131604E-6A69-4C33-95CE-A423557F50CE}.DVD-18|Mixed Platforms.ActiveCfg = Debug|x64
		{B131604E-6A69-4C33-95CE-A423557F50CE}.DVD-18|Mixed Platforms.Build.0 = Debug|x64
		{B131604E-6A69-4C33-95CE-A423557F50CE}.DVD-18|x64.ActiveCfg = Debug|x64
		{B131604E-6A69-4C33-95CE-A423557F50CE}.DVD-18|x64.Build.0 = Debug|x64
		{B131604E-6A69-4C33-95CE-A423557F50CE}.DVD-18|x86.ActiveCfg = Debug|x64
		{B131604E-6A69-4C33-95CE-A423557F50CE}.DVD-5|Any CPU.ActiveCfg = Debug|x64
		{B131604E-6A69-4C33-95CE-A423557F50CE}.DVD-5|Mixed Platforms.ActiveCfg = Debug|x64
		{B131604E-6A69-4C33-95CE-A423557F50CE}.DVD-5|Mixed Platforms.Build.0 = Debug|x64
		{B131604E-6A69-4C33-95CE-A423557F50CE}.DVD-5|x64.ActiveCfg = Debug|x64
		{B131604E-6A69-4C33-95CE-A423557F50CE}.DVD-5|x64.Build.0 = Debug|x64
		{B131604E-6A69-4C33-95CE-A423557F50CE}.DVD-5|x86.ActiveCfg = Debug|x64
		{B131604E-6A69-4C33-95CE-A423557F50CE}.DVD-9|Any CPU.ActiveCfg = Debug|x64
		{B131604E-6A69-4C33-95CE-A423557F50CE}.DVD-9|Mixed Platforms.ActiveCfg = Debug|x64
		{B131604E-6A69-4C33-95CE-A423557F50CE}.DVD-9|Mixed Platforms.Build.0 = Debug|x64
		{B131604E-6A69-4C33-95CE-A423557F50CE}.DVD-9|x64.ActiveCfg = Debug|x64
		{B131604E-6A69-4C33-95CE-A423557F50CE}.DVD-9|x64.Build.0 = Debug|x64
		{B131604E-6A69-4C33-95CE-A423557F50CE}.DVD-9|x86.ActiveCfg = Debug|x64
		{B131604E-6A69-4C33-95CE-A423557F50CE}.Release|Any CPU.ActiveCfg = Release|x86
		{B131604E-6A69-4C33-95CE-A423557F50CE}.Release|Mixed Platforms.ActiveCfg = Release|x86
		{B131604E-6A69-4C33-95CE-A423557F50CE}.Release|Mixed Platforms.Build.0 = Release|x86
		{B131604E-6A69-4C33-95CE-A423557F50CE}.Release|x64.ActiveCfg = Release|x86
		{B131604E-6A69-4C33-95CE-A423557F50CE}.Release|x64.Build.0 = Release|x86
		{B131604E-6A69-4C33-95CE-A423557F50CE}.Release|x86.ActiveCfg = Release|x86
		{B131604E-6A69-4C33-95CE-A423557F50CE}.Release|x86.Build.0 = Release|x86
		{B131604E-6A69-4C33-95CE-A423557F50CE}.SingleImage|Any CPU.ActiveCfg = X64Test|x64
		{B131604E-6A69-4C33-95CE-A423557F50CE}.SingleImage|Mixed Platforms.ActiveCfg = X64Test|x64
		{B131604E-6A69-4C33-95CE-A423557F50CE}.SingleImage|Mixed Platforms.Build.0 = X64Test|x64
		{B131604E-6A69-4C33-95CE-A423557F50CE}.SingleImage|x64.ActiveCfg = X64Test|x64
		{B131604E-6A69-4C33-95CE-A423557F50CE}.SingleImage|x64.Build.0 = X64Test|x64
		{B131604E-6A69-4C33-95CE-A423557F50CE}.SingleImage|x86.ActiveCfg = X64Test|x64
		{B131604E-6A69-4C33-95CE-A423557F50CE}.WebDeployment|Any CPU.ActiveCfg = X64Test|x64
		{B131604E-6A69-4C33-95CE-A423557F50CE}.WebDeployment|Mixed Platforms.ActiveCfg = X64Test|x64
		{B131604E-6A69-4C33-95CE-A423557F50CE}.WebDeployment|Mixed Platforms.Build.0 = X64Test|x64
		{B131604E-6A69-4C33-95CE-A423557F50CE}.WebDeployment|x64.ActiveCfg = X64Test|x64
		{B131604E-6A69-4C33-95CE-A423557F50CE}.WebDeployment|x64.Build.0 = X64Test|x64
		{B131604E-6A69-4C33-95CE-A423557F50CE}.WebDeployment|x86.ActiveCfg = X64Test|x64
		{B131604E-6A69-4C33-95CE-A423557F50CE}.X64Test|Any CPU.ActiveCfg = X64Test|x64
		{B131604E-6A69-4C33-95CE-A423557F50CE}.X64Test|Mixed Platforms.ActiveCfg = X64Test|x64
		{B131604E-6A69-4C33-95CE-A423557F50CE}.X64Test|Mixed Platforms.Build.0 = X64Test|x64
		{B131604E-6A69-4C33-95CE-A423557F50CE}.X64Test|x64.ActiveCfg = X64Test|x64
		{B131604E-6A69-4C33-95CE-A423557F50CE}.X64Test|x64.Build.0 = X64Test|x64
		{B131604E-6A69-4C33-95CE-A423557F50CE}.X64Test|x86.ActiveCfg = X64Test|x86
		{B131604E-6A69-4C33-95CE-A423557F50CE}.X64Test|x86.Build.0 = X64Test|x86
		{E692314C-8A73-4E5C-BAED-468E4C37AAA2}.CD_ROM|Any CPU.ActiveCfg = X64Test|x64
		{E692314C-8A73-4E5C-BAED-468E4C37AAA2}.CD_ROM|Mixed Platforms.ActiveCfg = X64Test|x64
		{E692314C-8A73-4E5C-BAED-468E4C37AAA2}.CD_ROM|Mixed Platforms.Build.0 = X64Test|x64
		{E692314C-8A73-4E5C-BAED-468E4C37AAA2}.CD_ROM|x64.ActiveCfg = X64Test|x64
		{E692314C-8A73-4E5C-BAED-468E4C37AAA2}.CD_ROM|x64.Build.0 = X64Test|x64
		{E692314C-8A73-4E5C-BAED-468E4C37AAA2}.CD_ROM|x86.ActiveCfg = X64Test|x64
		{E692314C-8A73-4E5C-BAED-468E4C37AAA2}.Custom|Any CPU.ActiveCfg = X64Test|x64
		{E692314C-8A73-4E5C-BAED-468E4C37AAA2}.Custom|Mixed Platforms.ActiveCfg = X64Test|x64
		{E692314C-8A73-4E5C-BAED-468E4C37AAA2}.Custom|Mixed Platforms.Build.0 = X64Test|x64
		{E692314C-8A73-4E5C-BAED-468E4C37AAA2}.Custom|x64.ActiveCfg = X64Test|x64
		{E692314C-8A73-4E5C-BAED-468E4C37AAA2}.Custom|x64.Build.0 = X64Test|x64
		{E692314C-8A73-4E5C-BAED-468E4C37AAA2}.Custom|x86.ActiveCfg = X64Test|x64
		{E692314C-8A73-4E5C-BAED-468E4C37AAA2}.Debug|Any CPU.ActiveCfg = Debug|Any CPU
		{E692314C-8A73-4E5C-BAED-468E4C37AAA2}.Debug|Any CPU.Build.0 = Debug|Any CPU
		{E692314C-8A73-4E5C-BAED-468E4C37AAA2}.Debug|Mixed Platforms.ActiveCfg = Debug|Any CPU
		{E692314C-8A73-4E5C-BAED-468E4C37AAA2}.Debug|Mixed Platforms.Build.0 = Debug|Any CPU
		{E692314C-8A73-4E5C-BAED-468E4C37AAA2}.Debug|x64.ActiveCfg = Debug|x64
		{E692314C-8A73-4E5C-BAED-468E4C37AAA2}.Debug|x64.Build.0 = Debug|x64
		{E692314C-8A73-4E5C-BAED-468E4C37AAA2}.Debug|x86.ActiveCfg = Debug|Any CPU
		{E692314C-8A73-4E5C-BAED-468E4C37AAA2}.DVD-10|Any CPU.ActiveCfg = Debug|x64
		{E692314C-8A73-4E5C-BAED-468E4C37AAA2}.DVD-10|Mixed Platforms.ActiveCfg = Debug|x64
		{E692314C-8A73-4E5C-BAED-468E4C37AAA2}.DVD-10|Mixed Platforms.Build.0 = Debug|x64
		{E692314C-8A73-4E5C-BAED-468E4C37AAA2}.DVD-10|x64.ActiveCfg = Debug|x64
		{E692314C-8A73-4E5C-BAED-468E4C37AAA2}.DVD-10|x64.Build.0 = Debug|x64
		{E692314C-8A73-4E5C-BAED-468E4C37AAA2}.DVD-10|x86.ActiveCfg = Debug|x64
		{E692314C-8A73-4E5C-BAED-468E4C37AAA2}.DVD-18|Any CPU.ActiveCfg = Debug|x64
		{E692314C-8A73-4E5C-BAED-468E4C37AAA2}.DVD-18|Mixed Platforms.ActiveCfg = Debug|x64
		{E692314C-8A73-4E5C-BAED-468E4C37AAA2}.DVD-18|Mixed Platforms.Build.0 = Debug|x64
		{E692314C-8A73-4E5C-BAED-468E4C37AAA2}.DVD-18|x64.ActiveCfg = Debug|x64
		{E692314C-8A73-4E5C-BAED-468E4C37AAA2}.DVD-18|x64.Build.0 = Debug|x64
		{E692314C-8A73-4E5C-BAED-468E4C37AAA2}.DVD-18|x86.ActiveCfg = Debug|x64
		{E692314C-8A73-4E5C-BAED-468E4C37AAA2}.DVD-5|Any CPU.ActiveCfg = Debug|x64
		{E692314C-8A73-4E5C-BAED-468E4C37AAA2}.DVD-5|Mixed Platforms.ActiveCfg = Debug|x64
		{E692314C-8A73-4E5C-BAED-468E4C37AAA2}.DVD-5|Mixed Platforms.Build.0 = Debug|x64
		{E692314C-8A73-4E5C-BAED-468E4C37AAA2}.DVD-5|x64.ActiveCfg = Debug|x64
		{E692314C-8A73-4E5C-BAED-468E4C37AAA2}.DVD-5|x64.Build.0 = Debug|x64
		{E692314C-8A73-4E5C-BAED-468E4C37AAA2}.DVD-5|x86.ActiveCfg = Debug|x64
		{E692314C-8A73-4E5C-BAED-468E4C37AAA2}.DVD-9|Any CPU.ActiveCfg = Debug|x64
		{E692314C-8A73-4E5C-BAED-468E4C37AAA2}.DVD-9|Mixed Platforms.ActiveCfg = Debug|x64
		{E692314C-8A73-4E5C-BAED-468E4C37AAA2}.DVD-9|Mixed Platforms.Build.0 = Debug|x64
		{E692314C-8A73-4E5C-BAED-468E4C37AAA2}.DVD-9|x64.ActiveCfg = Debug|x64
		{E692314C-8A73-4E5C-BAED-468E4C37AAA2}.DVD-9|x64.Build.0 = Debug|x64
		{E692314C-8A73-4E5C-BAED-468E4C37AAA2}.DVD-9|x86.ActiveCfg = Debug|x64
		{E692314C-8A73-4E5C-BAED-468E4C37AAA2}.Release|Any CPU.ActiveCfg = Release|Any CPU
		{E692314C-8A73-4E5C-BAED-468E4C37AAA2}.Release|Any CPU.Build.0 = Release|Any CPU
		{E692314C-8A73-4E5C-BAED-468E4C37AAA2}.Release|Mixed Platforms.ActiveCfg = Release|Any CPU
		{E692314C-8A73-4E5C-BAED-468E4C37AAA2}.Release|Mixed Platforms.Build.0 = Release|Any CPU
		{E692314C-8A73-4E5C-BAED-468E4C37AAA2}.Release|x64.ActiveCfg = Release|Any CPU
		{E692314C-8A73-4E5C-BAED-468E4C37AAA2}.Release|x64.Build.0 = Release|Any CPU
		{E692314C-8A73-4E5C-BAED-468E4C37AAA2}.Release|x86.ActiveCfg = Release|Any CPU
		{E692314C-8A73-4E5C-BAED-468E4C37AAA2}.Release|x86.Build.0 = Release|Any CPU
		{E692314C-8A73-4E5C-BAED-468E4C37AAA2}.SingleImage|Any CPU.ActiveCfg = X64Test|x64
		{E692314C-8A73-4E5C-BAED-468E4C37AAA2}.SingleImage|Mixed Platforms.ActiveCfg = X64Test|x64
		{E692314C-8A73-4E5C-BAED-468E4C37AAA2}.SingleImage|Mixed Platforms.Build.0 = X64Test|x64
		{E692314C-8A73-4E5C-BAED-468E4C37AAA2}.SingleImage|x64.ActiveCfg = X64Test|x64
		{E692314C-8A73-4E5C-BAED-468E4C37AAA2}.SingleImage|x64.Build.0 = X64Test|x64
		{E692314C-8A73-4E5C-BAED-468E4C37AAA2}.SingleImage|x86.ActiveCfg = X64Test|x64
		{E692314C-8A73-4E5C-BAED-468E4C37AAA2}.WebDeployment|Any CPU.ActiveCfg = X64Test|x64
		{E692314C-8A73-4E5C-BAED-468E4C37AAA2}.WebDeployment|Mixed Platforms.ActiveCfg = X64Test|x64
		{E692314C-8A73-4E5C-BAED-468E4C37AAA2}.WebDeployment|Mixed Platforms.Build.0 = X64Test|x64
		{E692314C-8A73-4E5C-BAED-468E4C37AAA2}.WebDeployment|x64.ActiveCfg = X64Test|x64
		{E692314C-8A73-4E5C-BAED-468E4C37AAA2}.WebDeployment|x64.Build.0 = X64Test|x64
		{E692314C-8A73-4E5C-BAED-468E4C37AAA2}.WebDeployment|x86.ActiveCfg = X64Test|x64
		{E692314C-8A73-4E5C-BAED-468E4C37AAA2}.X64Test|Any CPU.ActiveCfg = X64Test|Any CPU
		{E692314C-8A73-4E5C-BAED-468E4C37AAA2}.X64Test|Any CPU.Build.0 = X64Test|Any CPU
		{E692314C-8A73-4E5C-BAED-468E4C37AAA2}.X64Test|Mixed Platforms.ActiveCfg = X64Test|x64
		{E692314C-8A73-4E5C-BAED-468E4C37AAA2}.X64Test|Mixed Platforms.Build.0 = X64Test|x64
		{E692314C-8A73-4E5C-BAED-468E4C37AAA2}.X64Test|x64.ActiveCfg = X64Test|x64
		{E692314C-8A73-4E5C-BAED-468E4C37AAA2}.X64Test|x64.Build.0 = X64Test|x64
		{E692314C-8A73-4E5C-BAED-468E4C37AAA2}.X64Test|x86.ActiveCfg = X64Test|x64
	EndGlobalSection
	GlobalSection(SolutionProperties) = preSolution
		HideSolutionNode = FALSE
	EndGlobalSection
	GlobalSection(ExtensibilityGlobals) = postSolution
		VisualSVNWorkingCopyRoot = .
	EndGlobalSection
EndGlobal
