
Microsoft Visual Studio Solution File, Format Version 11.00
# Visual Studio 2010
Project("{FAE04EC0-301F-11D3-BF4B-00C04F79EFBC}") = "PFAppDataObjects", "PFAppDataObjects\PFAppDataObjects.csproj", "{206E14CB-200B-414D-BF16-525974CE0C3B}"
EndProject
Project("{FAE04EC0-301F-11D3-BF4B-00C04F79EFBC}") = "PFAppDataForms", "PFAppDataForms\PFAppDataForms.csproj", "{B95A8944-32A2-4F0D-A0AE-80D65DC1DB5B}"
EndProject
Project("{FAE04EC0-301F-11D3-BF4B-00C04F79EFBC}") = "TestprogAppDataForms", "TestprogAppDataForms\TestprogAppDataForms.csproj", "{E3183FD3-4071-4123-AA07-B83F7B610B3D}"
EndProject
Project("{FAE04EC0-301F-11D3-BF4B-00C04F79EFBC}") = "TestprogLoadAWDW", "TestprogLoadAWDW\TestprogLoadAWDW.csproj", "{2B4C96E5-5E18-4A40-8E13-22DC84ED4BEA}"
EndProject
Project("{FAE04EC0-301F-11D3-BF4B-00C04F79EFBC}") = "PFDatabaseSelector", "PFDatabaseSelector\PFDatabaseSelector.csproj", "{72088251-076B-4CDE-AB0D-7FF28A69EB8F}"
EndProject
Project("{2150E333-8FDC-42A3-9474-1A3956D46DE8}") = "Solution Items", "Solution Items", "{7EE1AE10-BBC4-4BCB-87BF-D0B9809D8414}"
EndProject
Project("{FAE04EC0-301F-11D3-BF4B-00C04F79EFBC}") = "PFDataGridViewColumnSelector", "PFDataGridViewColumnSelector\PFDataGridViewColumnSelector.csproj", "{AEFE0815-E2B3-4259-AA9D-903AC3FD5237}"
EndProject
Project("{FAE04EC0-301F-11D3-BF4B-00C04F79EFBC}") = "PFDataGridViewDisableButtonCell", "PFDataGridViewDisableButtonCell\PFDataGridViewDisableButtonCell.csproj", "{A428BD31-16FD-4A6D-957C-70B6F4293E0E}"
EndProject
Project("{FAE04EC0-301F-11D3-BF4B-00C04F79EFBC}") = "PFDataOutputGrid", "PFDataOutputGrid\PFDataOutputGrid.csproj", "{C30A8CEB-B8B1-4169-BD6B-6364E057CF4C}"
EndProject
Project("{FAE04EC0-301F-11D3-BF4B-00C04F79EFBC}") = "PFDataOutputGridFilterPopup", "PFDataOutputGridFilterPopup\PFDataOutputGridFilterPopup.csproj", "{4B9BE5FD-303E-4270-9C4D-FA3BDE6C34EB}"
EndProject
Project("{FAE04EC0-301F-11D3-BF4B-00C04F79EFBC}") = "PFDataOutputProcessor", "PFDataOutputProcessor\PFDataOutputProcessor.csproj", "{7B9546A1-1729-4344-8926-8126DCCA6CF3}"
EndProject
Project("{FAE04EC0-301F-11D3-BF4B-00C04F79EFBC}") = "PFRandomDataExt", "PFRandomDataExt\PFRandomDataExt.csproj", "{4341FB74-71A7-4952-B029-441F61633630}"
EndProject
Project("{FAE04EC0-301F-11D3-BF4B-00C04F79EFBC}") = "PFRandomDataForms", "PFRandomDataForms\PFRandomDataForms.csproj", "{8707D299-61E9-406B-A0CC-B56AB49786D0}"
EndProject
Project("{FAE04EC0-301F-11D3-BF4B-00C04F79EFBC}") = "PFRandomDataListProcessor", "PFRandomDataListProcessor\PFRandomDataListProcessor.csproj", "{5DFF9DE4-ED91-41BF-A63A-F1CDAB4816C4}"
EndProject
Project("{FAE04EC0-301F-11D3-BF4B-00C04F79EFBC}") = "PFRandomDataProcessor", "PFRandomDataProcessor\PFRandomDataProcessor.csproj", "{E8C5A026-92C4-4330-8C47-22C58B8DB52A}"
EndProject
Project("{FAE04EC0-301F-11D3-BF4B-00C04F79EFBC}") = "PFRandomValueDataTables", "PFRandomValueDataTables\PFRandomValueDataTables.csproj", "{DA55C726-CF23-4927-8ED5-72D6DB32548E}"
EndProject
Project("{FAE04EC0-301F-11D3-BF4B-00C04F79EFBC}") = "PFRandomWordProcessor", "PFRandomWordProcessor\PFRandomWordProcessor.csproj", "{D5CC05D9-EB12-48A6-BE9E-8491A1307939}"
EndProject
Project("{FAE04EC0-301F-11D3-BF4B-00C04F79EFBC}") = "TestprogRandomDataForms", "TestprogRandomDataForms\TestprogRandomDataForms.csproj", "{61941BA0-6524-4021-82C8-1CF99EAE1820}"
EndProject
Project("{FAE04EC0-301F-11D3-BF4B-00C04F79EFBC}") = "TestprogRandomDataProcessor", "TestprogRandomDataProcessor\TestprogRandomDataProcessor.csproj", "{1CBC2F13-E40C-4010-B68E-75BB9AB01BE7}"
EndProject
Project("{FAE04EC0-301F-11D3-BF4B-00C04F79EFBC}") = "TestprogRandomWords", "TestprogRandomWords\TestprogRandomWords.csproj", "{D1E0F615-9054-418F-BA42-09559B2001A1}"
EndProject
Global
	GlobalSection(SolutionConfigurationPlatforms) = preSolution
		Debug|Any CPU = Debug|Any CPU
		Debug|Mixed Platforms = Debug|Mixed Platforms
		Debug|x86 = Debug|x86
		Release|Any CPU = Release|Any CPU
		Release|Mixed Platforms = Release|Mixed Platforms
		Release|x86 = Release|x86
	EndGlobalSection
	GlobalSection(ProjectConfigurationPlatforms) = postSolution
		{206E14CB-200B-414D-BF16-525974CE0C3B}.Debug|Any CPU.ActiveCfg = Debug|Any CPU
		{206E14CB-200B-414D-BF16-525974CE0C3B}.Debug|Any CPU.Build.0 = Debug|Any CPU
		{206E14CB-200B-414D-BF16-525974CE0C3B}.Debug|Mixed Platforms.ActiveCfg = Debug|Any CPU
		{206E14CB-200B-414D-BF16-525974CE0C3B}.Debug|Mixed Platforms.Build.0 = Debug|Any CPU
		{206E14CB-200B-414D-BF16-525974CE0C3B}.Debug|x86.ActiveCfg = Debug|Any CPU
		{206E14CB-200B-414D-BF16-525974CE0C3B}.Release|Any CPU.ActiveCfg = Release|Any CPU
		{206E14CB-200B-414D-BF16-525974CE0C3B}.Release|Any CPU.Build.0 = Release|Any CPU
		{206E14CB-200B-414D-BF16-525974CE0C3B}.Release|Mixed Platforms.ActiveCfg = Release|Any CPU
		{206E14CB-200B-414D-BF16-525974CE0C3B}.Release|Mixed Platforms.Build.0 = Release|Any CPU
		{206E14CB-200B-414D-BF16-525974CE0C3B}.Release|x86.ActiveCfg = Release|Any CPU
		{B95A8944-32A2-4F0D-A0AE-80D65DC1DB5B}.Debug|Any CPU.ActiveCfg = Debug|Any CPU
		{B95A8944-32A2-4F0D-A0AE-80D65DC1DB5B}.Debug|Any CPU.Build.0 = Debug|Any CPU
		{B95A8944-32A2-4F0D-A0AE-80D65DC1DB5B}.Debug|Mixed Platforms.ActiveCfg = Debug|Any CPU
		{B95A8944-32A2-4F0D-A0AE-80D65DC1DB5B}.Debug|Mixed Platforms.Build.0 = Debug|Any CPU
		{B95A8944-32A2-4F0D-A0AE-80D65DC1DB5B}.Debug|x86.ActiveCfg = Debug|Any CPU
		{B95A8944-32A2-4F0D-A0AE-80D65DC1DB5B}.Release|Any CPU.ActiveCfg = Release|Any CPU
		{B95A8944-32A2-4F0D-A0AE-80D65DC1DB5B}.Release|Any CPU.Build.0 = Release|Any CPU
		{B95A8944-32A2-4F0D-A0AE-80D65DC1DB5B}.Release|Mixed Platforms.ActiveCfg = Release|Any CPU
		{B95A8944-32A2-4F0D-A0AE-80D65DC1DB5B}.Release|Mixed Platforms.Build.0 = Release|Any CPU
		{B95A8944-32A2-4F0D-A0AE-80D65DC1DB5B}.Release|x86.ActiveCfg = Release|Any CPU
		{E3183FD3-4071-4123-AA07-B83F7B610B3D}.Debug|Any CPU.ActiveCfg = Debug|x86
		{E3183FD3-4071-4123-AA07-B83F7B610B3D}.Debug|Mixed Platforms.ActiveCfg = Debug|x86
		{E3183FD3-4071-4123-AA07-B83F7B610B3D}.Debug|Mixed Platforms.Build.0 = Debug|x86
		{E3183FD3-4071-4123-AA07-B83F7B610B3D}.Debug|x86.ActiveCfg = Debug|x86
		{E3183FD3-4071-4123-AA07-B83F7B610B3D}.Debug|x86.Build.0 = Debug|x86
		{E3183FD3-4071-4123-AA07-B83F7B610B3D}.Release|Any CPU.ActiveCfg = Release|x86
		{E3183FD3-4071-4123-AA07-B83F7B610B3D}.Release|Mixed Platforms.ActiveCfg = Release|x86
		{E3183FD3-4071-4123-AA07-B83F7B610B3D}.Release|Mixed Platforms.Build.0 = Release|x86
		{E3183FD3-4071-4123-AA07-B83F7B610B3D}.Release|x86.ActiveCfg = Release|x86
		{E3183FD3-4071-4123-AA07-B83F7B610B3D}.Release|x86.Build.0 = Release|x86
		{2B4C96E5-5E18-4A40-8E13-22DC84ED4BEA}.Debug|Any CPU.ActiveCfg = Debug|x86
		{2B4C96E5-5E18-4A40-8E13-22DC84ED4BEA}.Debug|Mixed Platforms.ActiveCfg = Debug|x86
		{2B4C96E5-5E18-4A40-8E13-22DC84ED4BEA}.Debug|Mixed Platforms.Build.0 = Debug|x86
		{2B4C96E5-5E18-4A40-8E13-22DC84ED4BEA}.Debug|x86.ActiveCfg = Debug|x86
		{2B4C96E5-5E18-4A40-8E13-22DC84ED4BEA}.Debug|x86.Build.0 = Debug|x86
		{2B4C96E5-5E18-4A40-8E13-22DC84ED4BEA}.Release|Any CPU.ActiveCfg = Release|x86
		{2B4C96E5-5E18-4A40-8E13-22DC84ED4BEA}.Release|Mixed Platforms.ActiveCfg = Release|x86
		{2B4C96E5-5E18-4A40-8E13-22DC84ED4BEA}.Release|Mixed Platforms.Build.0 = Release|x86
		{2B4C96E5-5E18-4A40-8E13-22DC84ED4BEA}.Release|x86.ActiveCfg = Release|x86
		{2B4C96E5-5E18-4A40-8E13-22DC84ED4BEA}.Release|x86.Build.0 = Release|x86
		{72088251-076B-4CDE-AB0D-7FF28A69EB8F}.Debug|Any CPU.ActiveCfg = Debug|Any CPU
		{72088251-076B-4CDE-AB0D-7FF28A69EB8F}.Debug|Any CPU.Build.0 = Debug|Any CPU
		{72088251-076B-4CDE-AB0D-7FF28A69EB8F}.Debug|Mixed Platforms.ActiveCfg = Debug|Any CPU
		{72088251-076B-4CDE-AB0D-7FF28A69EB8F}.Debug|Mixed Platforms.Build.0 = Debug|Any CPU
		{72088251-076B-4CDE-AB0D-7FF28A69EB8F}.Debug|x86.ActiveCfg = Debug|Any CPU
		{72088251-076B-4CDE-AB0D-7FF28A69EB8F}.Release|Any CPU.ActiveCfg = Release|Any CPU
		{72088251-076B-4CDE-AB0D-7FF28A69EB8F}.Release|Any CPU.Build.0 = Release|Any CPU
		{72088251-076B-4CDE-AB0D-7FF28A69EB8F}.Release|Mixed Platforms.ActiveCfg = Release|Any CPU
		{72088251-076B-4CDE-AB0D-7FF28A69EB8F}.Release|Mixed Platforms.Build.0 = Release|Any CPU
		{72088251-076B-4CDE-AB0D-7FF28A69EB8F}.Release|x86.ActiveCfg = Release|Any CPU
		{AEFE0815-E2B3-4259-AA9D-903AC3FD5237}.Debug|Any CPU.ActiveCfg = Debug|Any CPU
		{AEFE0815-E2B3-4259-AA9D-903AC3FD5237}.Debug|Any CPU.Build.0 = Debug|Any CPU
		{AEFE0815-E2B3-4259-AA9D-903AC3FD5237}.Debug|Mixed Platforms.ActiveCfg = Debug|Any CPU
		{AEFE0815-E2B3-4259-AA9D-903AC3FD5237}.Debug|Mixed Platforms.Build.0 = Debug|Any CPU
		{AEFE0815-E2B3-4259-AA9D-903AC3FD5237}.Debug|x86.ActiveCfg = Debug|Any CPU
		{AEFE0815-E2B3-4259-AA9D-903AC3FD5237}.Release|Any CPU.ActiveCfg = Release|Any CPU
		{AEFE0815-E2B3-4259-AA9D-903AC3FD5237}.Release|Any CPU.Build.0 = Release|Any CPU
		{AEFE0815-E2B3-4259-AA9D-903AC3FD5237}.Release|Mixed Platforms.ActiveCfg = Release|Any CPU
		{AEFE0815-E2B3-4259-AA9D-903AC3FD5237}.Release|Mixed Platforms.Build.0 = Release|Any CPU
		{AEFE0815-E2B3-4259-AA9D-903AC3FD5237}.Release|x86.ActiveCfg = Release|Any CPU
		{A428BD31-16FD-4A6D-957C-70B6F4293E0E}.Debug|Any CPU.ActiveCfg = Debug|Any CPU
		{A428BD31-16FD-4A6D-957C-70B6F4293E0E}.Debug|Any CPU.Build.0 = Debug|Any CPU
		{A428BD31-16FD-4A6D-957C-70B6F4293E0E}.Debug|Mixed Platforms.ActiveCfg = Debug|Any CPU
		{A428BD31-16FD-4A6D-957C-70B6F4293E0E}.Debug|Mixed Platforms.Build.0 = Debug|Any CPU
		{A428BD31-16FD-4A6D-957C-70B6F4293E0E}.Debug|x86.ActiveCfg = Debug|Any CPU
		{A428BD31-16FD-4A6D-957C-70B6F4293E0E}.Release|Any CPU.ActiveCfg = Release|Any CPU
		{A428BD31-16FD-4A6D-957C-70B6F4293E0E}.Release|Any CPU.Build.0 = Release|Any CPU
		{A428BD31-16FD-4A6D-957C-70B6F4293E0E}.Release|Mixed Platforms.ActiveCfg = Release|Any CPU
		{A428BD31-16FD-4A6D-957C-70B6F4293E0E}.Release|Mixed Platforms.Build.0 = Release|Any CPU
		{A428BD31-16FD-4A6D-957C-70B6F4293E0E}.Release|x86.ActiveCfg = Release|Any CPU
		{C30A8CEB-B8B1-4169-BD6B-6364E057CF4C}.Debug|Any CPU.ActiveCfg = Debug|Any CPU
		{C30A8CEB-B8B1-4169-BD6B-6364E057CF4C}.Debug|Any CPU.Build.0 = Debug|Any CPU
		{C30A8CEB-B8B1-4169-BD6B-6364E057CF4C}.Debug|Mixed Platforms.ActiveCfg = Debug|Any CPU
		{C30A8CEB-B8B1-4169-BD6B-6364E057CF4C}.Debug|Mixed Platforms.Build.0 = Debug|Any CPU
		{C30A8CEB-B8B1-4169-BD6B-6364E057CF4C}.Debug|x86.ActiveCfg = Debug|Any CPU
		{C30A8CEB-B8B1-4169-BD6B-6364E057CF4C}.Release|Any CPU.ActiveCfg = Release|Any CPU
		{C30A8CEB-B8B1-4169-BD6B-6364E057CF4C}.Release|Any CPU.Build.0 = Release|Any CPU
		{C30A8CEB-B8B1-4169-BD6B-6364E057CF4C}.Release|Mixed Platforms.ActiveCfg = Release|Any CPU
		{C30A8CEB-B8B1-4169-BD6B-6364E057CF4C}.Release|Mixed Platforms.Build.0 = Release|Any CPU
		{C30A8CEB-B8B1-4169-BD6B-6364E057CF4C}.Release|x86.ActiveCfg = Release|Any CPU
		{4B9BE5FD-303E-4270-9C4D-FA3BDE6C34EB}.Debug|Any CPU.ActiveCfg = Debug|Any CPU
		{4B9BE5FD-303E-4270-9C4D-FA3BDE6C34EB}.Debug|Any CPU.Build.0 = Debug|Any CPU
		{4B9BE5FD-303E-4270-9C4D-FA3BDE6C34EB}.Debug|Mixed Platforms.ActiveCfg = Debug|x86
		{4B9BE5FD-303E-4270-9C4D-FA3BDE6C34EB}.Debug|Mixed Platforms.Build.0 = Debug|x86
		{4B9BE5FD-303E-4270-9C4D-FA3BDE6C34EB}.Debug|x86.ActiveCfg = Debug|x86
		{4B9BE5FD-303E-4270-9C4D-FA3BDE6C34EB}.Debug|x86.Build.0 = Debug|x86
		{4B9BE5FD-303E-4270-9C4D-FA3BDE6C34EB}.Release|Any CPU.ActiveCfg = Release|Any CPU
		{4B9BE5FD-303E-4270-9C4D-FA3BDE6C34EB}.Release|Any CPU.Build.0 = Release|Any CPU
		{4B9BE5FD-303E-4270-9C4D-FA3BDE6C34EB}.Release|Mixed Platforms.ActiveCfg = Release|Any CPU
		{4B9BE5FD-303E-4270-9C4D-FA3BDE6C34EB}.Release|Mixed Platforms.Build.0 = Release|Any CPU
		{4B9BE5FD-303E-4270-9C4D-FA3BDE6C34EB}.Release|x86.ActiveCfg = Release|x86
		{4B9BE5FD-303E-4270-9C4D-FA3BDE6C34EB}.Release|x86.Build.0 = Release|x86
		{7B9546A1-1729-4344-8926-8126DCCA6CF3}.Debug|Any CPU.ActiveCfg = Debug|Any CPU
		{7B9546A1-1729-4344-8926-8126DCCA6CF3}.Debug|Any CPU.Build.0 = Debug|Any CPU
		{7B9546A1-1729-4344-8926-8126DCCA6CF3}.Debug|Mixed Platforms.ActiveCfg = Debug|Any CPU
		{7B9546A1-1729-4344-8926-8126DCCA6CF3}.Debug|Mixed Platforms.Build.0 = Debug|Any CPU
		{7B9546A1-1729-4344-8926-8126DCCA6CF3}.Debug|x86.ActiveCfg = Debug|Any CPU
		{7B9546A1-1729-4344-8926-8126DCCA6CF3}.Release|Any CPU.ActiveCfg = Release|Any CPU
		{7B9546A1-1729-4344-8926-8126DCCA6CF3}.Release|Any CPU.Build.0 = Release|Any CPU
		{7B9546A1-1729-4344-8926-8126DCCA6CF3}.Release|Mixed Platforms.ActiveCfg = Release|Any CPU
		{7B9546A1-1729-4344-8926-8126DCCA6CF3}.Release|Mixed Platforms.Build.0 = Release|Any CPU
		{7B9546A1-1729-4344-8926-8126DCCA6CF3}.Release|x86.ActiveCfg = Release|Any CPU
		{4341FB74-71A7-4952-B029-441F61633630}.Debug|Any CPU.ActiveCfg = Debug|Any CPU
		{4341FB74-71A7-4952-B029-441F61633630}.Debug|Any CPU.Build.0 = Debug|Any CPU
		{4341FB74-71A7-4952-B029-441F61633630}.Debug|Mixed Platforms.ActiveCfg = Debug|Any CPU
		{4341FB74-71A7-4952-B029-441F61633630}.Debug|Mixed Platforms.Build.0 = Debug|Any CPU
		{4341FB74-71A7-4952-B029-441F61633630}.Debug|x86.ActiveCfg = Debug|Any CPU
		{4341FB74-71A7-4952-B029-441F61633630}.Release|Any CPU.ActiveCfg = Release|Any CPU
		{4341FB74-71A7-4952-B029-441F61633630}.Release|Any CPU.Build.0 = Release|Any CPU
		{4341FB74-71A7-4952-B029-441F61633630}.Release|Mixed Platforms.ActiveCfg = Release|Any CPU
		{4341FB74-71A7-4952-B029-441F61633630}.Release|Mixed Platforms.Build.0 = Release|Any CPU
		{4341FB74-71A7-4952-B029-441F61633630}.Release|x86.ActiveCfg = Release|Any CPU
		{8707D299-61E9-406B-A0CC-B56AB49786D0}.Debug|Any CPU.ActiveCfg = Debug|Any CPU
		{8707D299-61E9-406B-A0CC-B56AB49786D0}.Debug|Any CPU.Build.0 = Debug|Any CPU
		{8707D299-61E9-406B-A0CC-B56AB49786D0}.Debug|Mixed Platforms.ActiveCfg = Debug|Any CPU
		{8707D299-61E9-406B-A0CC-B56AB49786D0}.Debug|Mixed Platforms.Build.0 = Debug|Any CPU
		{8707D299-61E9-406B-A0CC-B56AB49786D0}.Debug|x86.ActiveCfg = Debug|Any CPU
		{8707D299-61E9-406B-A0CC-B56AB49786D0}.Release|Any CPU.ActiveCfg = Release|Any CPU
		{8707D299-61E9-406B-A0CC-B56AB49786D0}.Release|Any CPU.Build.0 = Release|Any CPU
		{8707D299-61E9-406B-A0CC-B56AB49786D0}.Release|Mixed Platforms.ActiveCfg = Release|Any CPU
		{8707D299-61E9-406B-A0CC-B56AB49786D0}.Release|Mixed Platforms.Build.0 = Release|Any CPU
		{8707D299-61E9-406B-A0CC-B56AB49786D0}.Release|x86.ActiveCfg = Release|Any CPU
		{5DFF9DE4-ED91-41BF-A63A-F1CDAB4816C4}.Debug|Any CPU.ActiveCfg = Debug|Any CPU
		{5DFF9DE4-ED91-41BF-A63A-F1CDAB4816C4}.Debug|Any CPU.Build.0 = Debug|Any CPU
		{5DFF9DE4-ED91-41BF-A63A-F1CDAB4816C4}.Debug|Mixed Platforms.ActiveCfg = Debug|Any CPU
		{5DFF9DE4-ED91-41BF-A63A-F1CDAB4816C4}.Debug|Mixed Platforms.Build.0 = Debug|Any CPU
		{5DFF9DE4-ED91-41BF-A63A-F1CDAB4816C4}.Debug|x86.ActiveCfg = Debug|Any CPU
		{5DFF9DE4-ED91-41BF-A63A-F1CDAB4816C4}.Release|Any CPU.ActiveCfg = Release|Any CPU
		{5DFF9DE4-ED91-41BF-A63A-F1CDAB4816C4}.Release|Any CPU.Build.0 = Release|Any CPU
		{5DFF9DE4-ED91-41BF-A63A-F1CDAB4816C4}.Release|Mixed Platforms.ActiveCfg = Release|Any CPU
		{5DFF9DE4-ED91-41BF-A63A-F1CDAB4816C4}.Release|Mixed Platforms.Build.0 = Release|Any CPU
		{5DFF9DE4-ED91-41BF-A63A-F1CDAB4816C4}.Release|x86.ActiveCfg = Release|Any CPU
		{E8C5A026-92C4-4330-8C47-22C58B8DB52A}.Debug|Any CPU.ActiveCfg = Debug|Any CPU
		{E8C5A026-92C4-4330-8C47-22C58B8DB52A}.Debug|Any CPU.Build.0 = Debug|Any CPU
		{E8C5A026-92C4-4330-8C47-22C58B8DB52A}.Debug|Mixed Platforms.ActiveCfg = Debug|Any CPU
		{E8C5A026-92C4-4330-8C47-22C58B8DB52A}.Debug|Mixed Platforms.Build.0 = Debug|Any CPU
		{E8C5A026-92C4-4330-8C47-22C58B8DB52A}.Debug|x86.ActiveCfg = Debug|Any CPU
		{E8C5A026-92C4-4330-8C47-22C58B8DB52A}.Release|Any CPU.ActiveCfg = Release|Any CPU
		{E8C5A026-92C4-4330-8C47-22C58B8DB52A}.Release|Any CPU.Build.0 = Release|Any CPU
		{E8C5A026-92C4-4330-8C47-22C58B8DB52A}.Release|Mixed Platforms.ActiveCfg = Release|Any CPU
		{E8C5A026-92C4-4330-8C47-22C58B8DB52A}.Release|Mixed Platforms.Build.0 = Release|Any CPU
		{E8C5A026-92C4-4330-8C47-22C58B8DB52A}.Release|x86.ActiveCfg = Release|Any CPU
		{DA55C726-CF23-4927-8ED5-72D6DB32548E}.Debug|Any CPU.ActiveCfg = Debug|Any CPU
		{DA55C726-CF23-4927-8ED5-72D6DB32548E}.Debug|Any CPU.Build.0 = Debug|Any CPU
		{DA55C726-CF23-4927-8ED5-72D6DB32548E}.Debug|Mixed Platforms.ActiveCfg = Debug|Any CPU
		{DA55C726-CF23-4927-8ED5-72D6DB32548E}.Debug|Mixed Platforms.Build.0 = Debug|Any CPU
		{DA55C726-CF23-4927-8ED5-72D6DB32548E}.Debug|x86.ActiveCfg = Debug|Any CPU
		{DA55C726-CF23-4927-8ED5-72D6DB32548E}.Release|Any CPU.ActiveCfg = Release|Any CPU
		{DA55C726-CF23-4927-8ED5-72D6DB32548E}.Release|Any CPU.Build.0 = Release|Any CPU
		{DA55C726-CF23-4927-8ED5-72D6DB32548E}.Release|Mixed Platforms.ActiveCfg = Release|Any CPU
		{DA55C726-CF23-4927-8ED5-72D6DB32548E}.Release|Mixed Platforms.Build.0 = Release|Any CPU
		{DA55C726-CF23-4927-8ED5-72D6DB32548E}.Release|x86.ActiveCfg = Release|Any CPU
		{D5CC05D9-EB12-48A6-BE9E-8491A1307939}.Debug|Any CPU.ActiveCfg = Debug|Any CPU
		{D5CC05D9-EB12-48A6-BE9E-8491A1307939}.Debug|Any CPU.Build.0 = Debug|Any CPU
		{D5CC05D9-EB12-48A6-BE9E-8491A1307939}.Debug|Mixed Platforms.ActiveCfg = Debug|Any CPU
		{D5CC05D9-EB12-48A6-BE9E-8491A1307939}.Debug|Mixed Platforms.Build.0 = Debug|Any CPU
		{D5CC05D9-EB12-48A6-BE9E-8491A1307939}.Debug|x86.ActiveCfg = Debug|Any CPU
		{D5CC05D9-EB12-48A6-BE9E-8491A1307939}.Release|Any CPU.ActiveCfg = Release|Any CPU
		{D5CC05D9-EB12-48A6-BE9E-8491A1307939}.Release|Any CPU.Build.0 = Release|Any CPU
		{D5CC05D9-EB12-48A6-BE9E-8491A1307939}.Release|Mixed Platforms.ActiveCfg = Release|Any CPU
		{D5CC05D9-EB12-48A6-BE9E-8491A1307939}.Release|Mixed Platforms.Build.0 = Release|Any CPU
		{D5CC05D9-EB12-48A6-BE9E-8491A1307939}.Release|x86.ActiveCfg = Release|Any CPU
		{61941BA0-6524-4021-82C8-1CF99EAE1820}.Debug|Any CPU.ActiveCfg = Debug|x86
		{61941BA0-6524-4021-82C8-1CF99EAE1820}.Debug|Mixed Platforms.ActiveCfg = Debug|x86
		{61941BA0-6524-4021-82C8-1CF99EAE1820}.Debug|Mixed Platforms.Build.0 = Debug|x86
		{61941BA0-6524-4021-82C8-1CF99EAE1820}.Debug|x86.ActiveCfg = Debug|x86
		{61941BA0-6524-4021-82C8-1CF99EAE1820}.Debug|x86.Build.0 = Debug|x86
		{61941BA0-6524-4021-82C8-1CF99EAE1820}.Release|Any CPU.ActiveCfg = Release|x86
		{61941BA0-6524-4021-82C8-1CF99EAE1820}.Release|Mixed Platforms.ActiveCfg = Release|x86
		{61941BA0-6524-4021-82C8-1CF99EAE1820}.Release|Mixed Platforms.Build.0 = Release|x86
		{61941BA0-6524-4021-82C8-1CF99EAE1820}.Release|x86.ActiveCfg = Release|x86
		{61941BA0-6524-4021-82C8-1CF99EAE1820}.Release|x86.Build.0 = Release|x86
		{1CBC2F13-E40C-4010-B68E-75BB9AB01BE7}.Debug|Any CPU.ActiveCfg = Debug|Any CPU
		{1CBC2F13-E40C-4010-B68E-75BB9AB01BE7}.Debug|Any CPU.Build.0 = Debug|Any CPU
		{1CBC2F13-E40C-4010-B68E-75BB9AB01BE7}.Debug|Mixed Platforms.ActiveCfg = Debug|Any CPU
		{1CBC2F13-E40C-4010-B68E-75BB9AB01BE7}.Debug|Mixed Platforms.Build.0 = Debug|Any CPU
		{1CBC2F13-E40C-4010-B68E-75BB9AB01BE7}.Debug|x86.ActiveCfg = Debug|Any CPU
		{1CBC2F13-E40C-4010-B68E-75BB9AB01BE7}.Release|Any CPU.ActiveCfg = Release|Any CPU
		{1CBC2F13-E40C-4010-B68E-75BB9AB01BE7}.Release|Any CPU.Build.0 = Release|Any CPU
		{1CBC2F13-E40C-4010-B68E-75BB9AB01BE7}.Release|Mixed Platforms.ActiveCfg = Release|Any CPU
		{1CBC2F13-E40C-4010-B68E-75BB9AB01BE7}.Release|Mixed Platforms.Build.0 = Release|Any CPU
		{1CBC2F13-E40C-4010-B68E-75BB9AB01BE7}.Release|x86.ActiveCfg = Release|Any CPU
		{D1E0F615-9054-418F-BA42-09559B2001A1}.Debug|Any CPU.ActiveCfg = Debug|x86
		{D1E0F615-9054-418F-BA42-09559B2001A1}.Debug|Mixed Platforms.ActiveCfg = Debug|x86
		{D1E0F615-9054-418F-BA42-09559B2001A1}.Debug|Mixed Platforms.Build.0 = Debug|x86
		{D1E0F615-9054-418F-BA42-09559B2001A1}.Debug|x86.ActiveCfg = Debug|x86
		{D1E0F615-9054-418F-BA42-09559B2001A1}.Debug|x86.Build.0 = Debug|x86
		{D1E0F615-9054-418F-BA42-09559B2001A1}.Release|Any CPU.ActiveCfg = Release|x86
		{D1E0F615-9054-418F-BA42-09559B2001A1}.Release|Mixed Platforms.ActiveCfg = Release|x86
		{D1E0F615-9054-418F-BA42-09559B2001A1}.Release|Mixed Platforms.Build.0 = Release|x86
		{D1E0F615-9054-418F-BA42-09559B2001A1}.Release|x86.ActiveCfg = Release|x86
		{D1E0F615-9054-418F-BA42-09559B2001A1}.Release|x86.Build.0 = Release|x86
	EndGlobalSection
	GlobalSection(SolutionProperties) = preSolution
		HideSolutionNode = FALSE
	EndGlobalSection
EndGlobal
